
Microsoft Visual Studio Solution File, Format Version 12.00
# Visual Studio Version 16
VisualStudioVersion = 16.0.31624.102
MinimumVisualStudioVersion = 10.0.40219.1
Project("{FAE04EC0-301F-11D3-BF4B-00C04F79EFBC}") = "LukeBlazorBattle.Server", "LukeBlazorBattle\Server\LukeBlazorBattle.Server.csproj", "{461A8FE7-737B-4DC6-B80C-489E5292CF4B}"
EndProject
Project("{FAE04EC0-301F-11D3-BF4B-00C04F79EFBC}") = "LukeBlazorBattle.Client", "LukeBlazorBattle\Client\LukeBlazorBattle.Client.csproj", "{C0FF7292-F48B-4AF4-AF4F-E6A8465E40DA}"
EndProject
Project("{FAE04EC0-301F-11D3-BF4B-00C04F79EFBC}") = "LukeBlazorBattle.Shared", "LukeBlazorBattle\Shared\LukeBlazorBattle.Shared.csproj", "{22685C46-B487-44A4-A403-E577B160E270}"
EndProject
Global
	GlobalSection(SolutionConfigurationPlatforms) = preSolution
		Debug|Any CPU = Debug|Any CPU
		Release|Any CPU = Release|Any CPU
	EndGlobalSection
	GlobalSection(ProjectConfigurationPlatforms) = postSolution
		{461A8FE7-737B-4DC6-B80C-489E5292CF4B}.Debug|Any CPU.ActiveCfg = Debug|Any CPU
		{461A8FE7-737B-4DC6-B80C-489E5292CF4B}.Debug|Any CPU.Build.0 = Debug|Any CPU
		{461A8FE7-737B-4DC6-B80C-489E5292CF4B}.Release|Any CPU.ActiveCfg = Release|Any CPU
		{461A8FE7-737B-4DC6-B80C-489E5292CF4B}.Release|Any CPU.Build.0 = Release|Any CPU
		{C0FF7292-F48B-4AF4-AF4F-E6A8465E40DA}.Debug|Any CPU.ActiveCfg = Debug|Any CPU
		{C0FF7292-F48B-4AF4-AF4F-E6A8465E40DA}.Debug|Any CPU.Build.0 = Debug|Any CPU
		{C0FF7292-F48B-4AF4-AF4F-E6A8465E40DA}.Release|Any CPU.ActiveCfg = Release|Any CPU
		{C0FF7292-F48B-4AF4-AF4F-E6A8465E40DA}.Release|Any CPU.Build.0 = Release|Any CPU
		{22685C46-B487-44A4-A403-E577B160E270}.Debug|Any CPU.ActiveCfg = Debug|Any CPU
		{22685C46-B487-44A4-A403-E577B160E270}.Debug|Any CPU.Build.0 = Debug|Any CPU
		{22685C46-B487-44A4-A403-E577B160E270}.Release|Any CPU.ActiveCfg = Release|Any CPU
		{22685C46-B487-44A4-A403-E577B160E270}.Release|Any CPU.Build.0 = Release|Any CPU
	EndGlobalSection
	GlobalSection(SolutionProperties) = preSolution
		HideSolutionNode = FALSE
	EndGlobalSection
	GlobalSection(ExtensibilityGlobals) = postSolution
		SolutionGuid = {253643F9-1E84-4AB1-85BB-10438B879674}
	EndGlobalSection
EndGlobal
